
Microsoft Visual Studio Solution File, Format Version 12.00
# Visual Studio Version 17
VisualStudioVersion = 17.5.33516.290
MinimumVisualStudioVersion = 10.0.40219.1
Project("{FAE04EC0-301F-11D3-BF4B-00C04F79EFBC}") = "PasswordGenerator", "PasswordGenerator\PasswordGenerator.csproj", "{179AEA8F-F79A-45A4-9F94-67681738AB29}"
EndProject
Global
	GlobalSection(SolutionConfigurationPlatforms) = preSolution
		Debug|Any CPU = Debug|Any CPU
		Release|Any CPU = Release|Any CPU
	EndGlobalSection
	GlobalSection(ProjectConfigurationPlatforms) = postSolution
		{179AEA8F-F79A-45A4-9F94-67681738AB29}.Debug|Any CPU.ActiveCfg = Debug|Any CPU
		{179AEA8F-F79A-45A4-9F94-67681738AB29}.Debug|Any CPU.Build.0 = Debug|Any CPU
		{179AEA8F-F79A-45A4-9F94-67681738AB29}.Release|Any CPU.ActiveCfg = Release|Any CPU
		{179AEA8F-F79A-45A4-9F94-67681738AB29}.Release|Any CPU.Build.0 = Release|Any CPU
	EndGlobalSection
	GlobalSection(SolutionProperties) = preSolution
		HideSolutionNode = FALSE
	EndGlobalSection
	GlobalSection(ExtensibilityGlobals) = postSolution
		SolutionGuid = {CDD2044E-E158-4556-8F72-323912334040}
	EndGlobalSection
EndGlobal
